
Microsoft Visual Studio Solution File, Format Version 12.00
# Visual Studio Version 17
VisualStudioVersion = 17.11.35303.130
MinimumVisualStudioVersion = 10.0.40219.1
Project("{FAE04EC0-301F-11D3-BF4B-00C04F79EFBC}") = "RazorPagesMovie", "RazorPagesMovie\RazorPagesMovie.csproj", "{D7BC3395-CC54-4D28-B448-C745223F4AED}"
EndProject
Global
	GlobalSection(SolutionConfigurationPlatforms) = preSolution
		Debug|Any CPU = Debug|Any CPU
		Release|Any CPU = Release|Any CPU
	EndGlobalSection
	GlobalSection(ProjectConfigurationPlatforms) = postSolution
		{D7BC3395-CC54-4D28-B448-C745223F4AED}.Debug|Any CPU.ActiveCfg = Debug|Any CPU
		{D7BC3395-CC54-4D28-B448-C745223F4AED}.Debug|Any CPU.Build.0 = Debug|Any CPU
		{D7BC3395-CC54-4D28-B448-C745223F4AED}.Release|Any CPU.ActiveCfg = Release|Any CPU
		{D7BC3395-CC54-4D28-B448-C745223F4AED}.Release|Any CPU.Build.0 = Release|Any CPU
	EndGlobalSection
	GlobalSection(SolutionProperties) = preSolution
		HideSolutionNode = FALSE
	EndGlobalSection
	GlobalSection(ExtensibilityGlobals) = postSolution
		SolutionGuid = {8F39765B-A5D1-4D9E-BD44-E299474DE2BD}
	EndGlobalSection
EndGlobal
